
Microsoft Visual Studio Solution File, Format Version 12.00
# Visual Studio Version 16
VisualStudioVersion = 16.0.30611.23
MinimumVisualStudioVersion = 10.0.40219.1
Project("{9A19103F-16F7-4668-BE54-9A1E7A4F7556}") = "UnitTest", "UnitTest\UnitTest.csproj", "{BCA6C3E6-9BF3-4915-9CC6-36651A0E8200}"
EndProject
Project("{9A19103F-16F7-4668-BE54-9A1E7A4F7556}") = "Business", "Business\Business.csproj", "{46D587FE-84A2-4246-AA10-E181646A6AE3}"
EndProject
Project("{9A19103F-16F7-4668-BE54-9A1E7A4F7556}") = "IntegrationTest", "IntegrationTest\IntegrationTest.csproj", "{C7AF9754-EDC3-4CD5-9C89-8A8856BFB12D}"
EndProject
Project("{9A19103F-16F7-4668-BE54-9A1E7A4F7556}") = "Common", "Common\Common.csproj", "{CA2E735B-2408-4028-951B-8029F1ECE5C9}"
EndProject
Project("{9A19103F-16F7-4668-BE54-9A1E7A4F7556}") = "WebApp", "WebApp\WebApp.csproj", "{2FF8F34C-E5EF-45C0-A48D-46BC87E2DAE1}"
EndProject
Global
	GlobalSection(SolutionConfigurationPlatforms) = preSolution
		Debug|Any CPU = Debug|Any CPU
		Release|Any CPU = Release|Any CPU
	EndGlobalSection
	GlobalSection(ProjectConfigurationPlatforms) = postSolution
		{BCA6C3E6-9BF3-4915-9CC6-36651A0E8200}.Debug|Any CPU.ActiveCfg = Debug|Any CPU
		{BCA6C3E6-9BF3-4915-9CC6-36651A0E8200}.Debug|Any CPU.Build.0 = Debug|Any CPU
		{BCA6C3E6-9BF3-4915-9CC6-36651A0E8200}.Release|Any CPU.ActiveCfg = Release|Any CPU
		{BCA6C3E6-9BF3-4915-9CC6-36651A0E8200}.Release|Any CPU.Build.0 = Release|Any CPU
		{46D587FE-84A2-4246-AA10-E181646A6AE3}.Debug|Any CPU.ActiveCfg = Debug|Any CPU
		{46D587FE-84A2-4246-AA10-E181646A6AE3}.Debug|Any CPU.Build.0 = Debug|Any CPU
		{46D587FE-84A2-4246-AA10-E181646A6AE3}.Release|Any CPU.ActiveCfg = Release|Any CPU
		{46D587FE-84A2-4246-AA10-E181646A6AE3}.Release|Any CPU.Build.0 = Release|Any CPU
		{C7AF9754-EDC3-4CD5-9C89-8A8856BFB12D}.Debug|Any CPU.ActiveCfg = Debug|Any CPU
		{C7AF9754-EDC3-4CD5-9C89-8A8856BFB12D}.Debug|Any CPU.Build.0 = Debug|Any CPU
		{C7AF9754-EDC3-4CD5-9C89-8A8856BFB12D}.Release|Any CPU.ActiveCfg = Release|Any CPU
		{C7AF9754-EDC3-4CD5-9C89-8A8856BFB12D}.Release|Any CPU.Build.0 = Release|Any CPU
		{CA2E735B-2408-4028-951B-8029F1ECE5C9}.Debug|Any CPU.ActiveCfg = Debug|Any CPU
		{CA2E735B-2408-4028-951B-8029F1ECE5C9}.Debug|Any CPU.Build.0 = Debug|Any CPU
		{CA2E735B-2408-4028-951B-8029F1ECE5C9}.Release|Any CPU.ActiveCfg = Release|Any CPU
		{CA2E735B-2408-4028-951B-8029F1ECE5C9}.Release|Any CPU.Build.0 = Release|Any CPU
		{2FF8F34C-E5EF-45C0-A48D-46BC87E2DAE1}.Debug|Any CPU.ActiveCfg = Debug|Any CPU
		{2FF8F34C-E5EF-45C0-A48D-46BC87E2DAE1}.Debug|Any CPU.Build.0 = Debug|Any CPU
		{2FF8F34C-E5EF-45C0-A48D-46BC87E2DAE1}.Release|Any CPU.ActiveCfg = Release|Any CPU
		{2FF8F34C-E5EF-45C0-A48D-46BC87E2DAE1}.Release|Any CPU.Build.0 = Release|Any CPU
	EndGlobalSection
	GlobalSection(SolutionProperties) = preSolution
		HideSolutionNode = FALSE
	EndGlobalSection
	GlobalSection(ExtensibilityGlobals) = postSolution
		SolutionGuid = {D52CD808-6889-4C30-9956-FE66AC38910B}
	EndGlobalSection
EndGlobal
