
Microsoft Visual Studio Solution File, Format Version 12.00
# Visual Studio 15
VisualStudioVersion = 15.0.28307.757
MinimumVisualStudioVersion = 10.0.40219.1
Project("{9A19103F-16F7-4668-BE54-9A1E7A4F7556}") = "Data", "Data\Data.csproj", "{7B412824-FBD9-46CF-93C2-319AEB35E3AC}"
EndProject
Project("{9A19103F-16F7-4668-BE54-9A1E7A4F7556}") = "UnitTest", "UnitTest\UnitTest.csproj", "{BCA6C3E6-9BF3-4915-9CC6-36651A0E8200}"
EndProject
Project("{FAE04EC0-301F-11D3-BF4B-00C04F79EFBC}") = "Business", "Business\Business.csproj", "{46D587FE-84A2-4246-AA10-E181646A6AE3}"
EndProject
Project("{FAE04EC0-301F-11D3-BF4B-00C04F79EFBC}") = "IntegrationTest", "IntegrationTest\IntegrationTest.csproj", "{C7AF9754-EDC3-4CD5-9C89-8A8856BFB12D}"
EndProject
Global
	GlobalSection(SolutionConfigurationPlatforms) = preSolution
		Debug|Any CPU = Debug|Any CPU
		Release|Any CPU = Release|Any CPU
	EndGlobalSection
	GlobalSection(ProjectConfigurationPlatforms) = postSolution
		{7B412824-FBD9-46CF-93C2-319AEB35E3AC}.Debug|Any CPU.ActiveCfg = Debug|Any CPU
		{7B412824-FBD9-46CF-93C2-319AEB35E3AC}.Debug|Any CPU.Build.0 = Debug|Any CPU
		{7B412824-FBD9-46CF-93C2-319AEB35E3AC}.Release|Any CPU.ActiveCfg = Release|Any CPU
		{7B412824-FBD9-46CF-93C2-319AEB35E3AC}.Release|Any CPU.Build.0 = Release|Any CPU
		{BCA6C3E6-9BF3-4915-9CC6-36651A0E8200}.Debug|Any CPU.ActiveCfg = Debug|Any CPU
		{BCA6C3E6-9BF3-4915-9CC6-36651A0E8200}.Debug|Any CPU.Build.0 = Debug|Any CPU
		{BCA6C3E6-9BF3-4915-9CC6-36651A0E8200}.Release|Any CPU.ActiveCfg = Release|Any CPU
		{BCA6C3E6-9BF3-4915-9CC6-36651A0E8200}.Release|Any CPU.Build.0 = Release|Any CPU
		{46D587FE-84A2-4246-AA10-E181646A6AE3}.Debug|Any CPU.ActiveCfg = Debug|Any CPU
		{46D587FE-84A2-4246-AA10-E181646A6AE3}.Debug|Any CPU.Build.0 = Debug|Any CPU
		{46D587FE-84A2-4246-AA10-E181646A6AE3}.Release|Any CPU.ActiveCfg = Release|Any CPU
		{46D587FE-84A2-4246-AA10-E181646A6AE3}.Release|Any CPU.Build.0 = Release|Any CPU
		{C7AF9754-EDC3-4CD5-9C89-8A8856BFB12D}.Debug|Any CPU.ActiveCfg = Debug|Any CPU
		{C7AF9754-EDC3-4CD5-9C89-8A8856BFB12D}.Debug|Any CPU.Build.0 = Debug|Any CPU
		{C7AF9754-EDC3-4CD5-9C89-8A8856BFB12D}.Release|Any CPU.ActiveCfg = Release|Any CPU
		{C7AF9754-EDC3-4CD5-9C89-8A8856BFB12D}.Release|Any CPU.Build.0 = Release|Any CPU
	EndGlobalSection
	GlobalSection(SolutionProperties) = preSolution
		HideSolutionNode = FALSE
	EndGlobalSection
	GlobalSection(ExtensibilityGlobals) = postSolution
		SolutionGuid = {D52CD808-6889-4C30-9956-FE66AC38910B}
	EndGlobalSection
EndGlobal
